
Microsoft Visual Studio Solution File, Format Version 12.00
# Visual Studio 15
Project("{FAE04EC0-301F-11D3-BF4B-00C04F79EFBC}") = "UnityEngine.UI", "UnityEngine.UI.csproj", "{5415662F-484D-F5F8-9B3D-15DF75AEC26F}"
EndProject
Project("{FAE04EC0-301F-11D3-BF4B-00C04F79EFBC}") = "UnityEngine.TestRunner", "UnityEngine.TestRunner.csproj", "{BFD492E7-79F7-0985-95A0-25C57A0E38AC}"
EndProject
Project("{FAE04EC0-301F-11D3-BF4B-00C04F79EFBC}") = "Unity.TextMeshPro", "Unity.TextMeshPro.csproj", "{053896EC-48BC-3188-19D9-222E9FF95305}"
EndProject
Project("{FAE04EC0-301F-11D3-BF4B-00C04F79EFBC}") = "Unity.Timeline", "Unity.Timeline.csproj", "{1CBCD590-A2A0-9A30-95EE-D208C4A2A4E0}"
EndProject
Project("{FAE04EC0-301F-11D3-BF4B-00C04F79EFBC}") = "UnityEngine.Purchasing", "UnityEngine.Purchasing.csproj", "{8B29F52E-D548-4234-AB4A-345640DE0A34}"
EndProject
Project("{FAE04EC0-301F-11D3-BF4B-00C04F79EFBC}") = "UnityEngine.Advertisements", "UnityEngine.Advertisements.csproj", "{DBC13914-9FB9-6B66-C7C7-8B1E646DD76D}"
EndProject
Project("{FAE04EC0-301F-11D3-BF4B-00C04F79EFBC}") = "Unity.Analytics.DataPrivacy", "Unity.Analytics.DataPrivacy.csproj", "{5FD1EF5F-A9CD-E715-7BF3-440AD279F8FB}"
EndProject
Project("{FAE04EC0-301F-11D3-BF4B-00C04F79EFBC}") = "UnityEngine.Monetization", "UnityEngine.Monetization.csproj", "{756A898D-53B0-D04E-D194-A31707491444}"
EndProject
Project("{FAE04EC0-301F-11D3-BF4B-00C04F79EFBC}") = "UnityEngine.XR.LegacyInputHelpers", "UnityEngine.XR.LegacyInputHelpers.csproj", "{4E541F12-0FF9-E9A5-BD9B-C584FAC28E91}"
EndProject
Project("{FAE04EC0-301F-11D3-BF4B-00C04F79EFBC}") = "Assembly-CSharp", "Assembly-CSharp.csproj", "{98A1161F-CBDA-4515-0C05-612EDDB6A258}"
EndProject
Project("{FAE04EC0-301F-11D3-BF4B-00C04F79EFBC}") = "UnityEngine.SpatialTracking", "UnityEngine.SpatialTracking.csproj", "{D8D6F7D9-A0E7-6070-3145-601226856311}"
EndProject
Project("{FAE04EC0-301F-11D3-BF4B-00C04F79EFBC}") = "UnityEditor.TestRunner", "UnityEditor.TestRunner.csproj", "{B8696A0C-778B-B9B4-BDC0-D826E9CBD09E}"
EndProject
Project("{FAE04EC0-301F-11D3-BF4B-00C04F79EFBC}") = "Unity.TextMeshPro.Editor", "Unity.TextMeshPro.Editor.csproj", "{94D66955-DD61-1701-8816-D04C46461AA2}"
EndProject
Project("{FAE04EC0-301F-11D3-BF4B-00C04F79EFBC}") = "Unity.Timeline.Editor", "Unity.Timeline.Editor.csproj", "{C4706B18-95FD-93BB-6DBF-DC3234F0FA68}"
EndProject
Project("{FAE04EC0-301F-11D3-BF4B-00C04F79EFBC}") = "Unity.CollabProxy.Editor", "Unity.CollabProxy.Editor.csproj", "{E46A9B7F-C37A-4FBA-627E-1EE9F0483227}"
EndProject
Project("{FAE04EC0-301F-11D3-BF4B-00C04F79EFBC}") = "Unity.2D.Sprite.Editor", "Unity.2D.Sprite.Editor.csproj", "{A745BCA9-1CD9-DE0C-F1C2-02A51D76816E}"
EndProject
Project("{FAE04EC0-301F-11D3-BF4B-00C04F79EFBC}") = "UnityEditor.UI", "UnityEditor.UI.csproj", "{C52144C1-7FDF-287C-6C1D-F4DE061B0148}"
EndProject
Project("{FAE04EC0-301F-11D3-BF4B-00C04F79EFBC}") = "Unity.Rider.Editor", "Unity.Rider.Editor.csproj", "{7E55B6A6-ABFB-2BBC-AA53-757962A96FAF}"
EndProject
Project("{FAE04EC0-301F-11D3-BF4B-00C04F79EFBC}") = "Unity.2D.Tilemap.Editor", "Unity.2D.Tilemap.Editor.csproj", "{0DAE2A88-0FD8-B60D-FE09-B514B40967A2}"
EndProject
Project("{FAE04EC0-301F-11D3-BF4B-00C04F79EFBC}") = "Unity.VisualStudio.Editor", "Unity.VisualStudio.Editor.csproj", "{0098CD6C-DBF8-77FC-71CF-5AA6082DA0F1}"
EndProject
Project("{FAE04EC0-301F-11D3-BF4B-00C04F79EFBC}") = "UnityEngine.Advertisements.Editor", "UnityEngine.Advertisements.Editor.csproj", "{30110991-3885-7BB1-D923-8700F41A999F}"
EndProject
Project("{FAE04EC0-301F-11D3-BF4B-00C04F79EFBC}") = "UnityEditor.XR.LegacyInputHelpers", "UnityEditor.XR.LegacyInputHelpers.csproj", "{FC9735B2-4175-ED4C-52D6-DFF7E2E63282}"
EndProject
Project("{FAE04EC0-301F-11D3-BF4B-00C04F79EFBC}") = "Unity.VSCode.Editor", "Unity.VSCode.Editor.csproj", "{07E486D3-83D8-C70A-8384-F9509E0DDFAA}"
EndProject
Project("{FAE04EC0-301F-11D3-BF4B-00C04F79EFBC}") = "UnityEditor.Purchasing", "UnityEditor.Purchasing.csproj", "{6AAF23AF-38D4-9E40-D3FE-36A67A80C204}"
EndProject
Project("{FAE04EC0-301F-11D3-BF4B-00C04F79EFBC}") = "UnityEditor.SpatialTracking", "UnityEditor.SpatialTracking.csproj", "{7E1C5D2A-1039-9237-811E-803E10F1795F}"
EndProject
Project("{FAE04EC0-301F-11D3-BF4B-00C04F79EFBC}") = "Analytics", "Analytics.csproj", "{4EC63DB0-E12E-3332-87A2-86CB976C3695}"
EndProject
Project("{FAE04EC0-301F-11D3-BF4B-00C04F79EFBC}") = "UnityEngine.UI", "UnityEngine.UI.Player.csproj", "{E5A2EEE5-AE26-3FFD-E2E0-A7E8618BCD2D}"
EndProject
Project("{FAE04EC0-301F-11D3-BF4B-00C04F79EFBC}") = "UnityEngine.TestRunner", "UnityEngine.TestRunner.Player.csproj", "{5542ADEB-05FA-7478-132A-A538321A204B}"
EndProject
Project("{FAE04EC0-301F-11D3-BF4B-00C04F79EFBC}") = "Unity.TextMeshPro", "Unity.TextMeshPro.Player.csproj", "{979557FF-A4C3-B529-319D-DFBE8825595E}"
EndProject
Project("{FAE04EC0-301F-11D3-BF4B-00C04F79EFBC}") = "Unity.Timeline", "Unity.Timeline.Player.csproj", "{EF156042-D100-D882-5AAF-1C90A9BF48CE}"
EndProject
Project("{FAE04EC0-301F-11D3-BF4B-00C04F79EFBC}") = "UnityEngine.Purchasing", "UnityEngine.Purchasing.Player.csproj", "{2EF6C168-E5D1-4BF1-468E-B52F2667FD9A}"
EndProject
Project("{FAE04EC0-301F-11D3-BF4B-00C04F79EFBC}") = "UnityEngine.Advertisements", "UnityEngine.Advertisements.Player.csproj", "{1D757767-083D-4185-AAE9-650373A3460B}"
EndProject
Project("{FAE04EC0-301F-11D3-BF4B-00C04F79EFBC}") = "Unity.Analytics.DataPrivacy", "Unity.Analytics.DataPrivacy.Player.csproj", "{F9870734-7380-B31B-4F54-84E17FB6EC7F}"
EndProject
Project("{FAE04EC0-301F-11D3-BF4B-00C04F79EFBC}") = "UnityEngine.Monetization", "UnityEngine.Monetization.Player.csproj", "{87DA9C06-44CE-5A2A-49A1-C8D0BE32D7D2}"
EndProject
Project("{FAE04EC0-301F-11D3-BF4B-00C04F79EFBC}") = "UnityEngine.XR.LegacyInputHelpers", "UnityEngine.XR.LegacyInputHelpers.Player.csproj", "{0C560FE1-E786-1B60-2368-37DA4B2A57FA}"
EndProject
Project("{FAE04EC0-301F-11D3-BF4B-00C04F79EFBC}") = "Assembly-CSharp", "Assembly-CSharp.Player.csproj", "{D3CE6CB0-10C8-A501-298F-36A0968F6913}"
EndProject
Project("{FAE04EC0-301F-11D3-BF4B-00C04F79EFBC}") = "UnityEngine.SpatialTracking", "UnityEngine.SpatialTracking.Player.csproj", "{3981882D-F093-2A96-2D34-F1E4EC1CEA6F}"
EndProject
Global
	GlobalSection(SolutionConfigurationPlatforms) = preSolution
		Debug|Any CPU = Debug|Any CPU
		Release|Any CPU = Release|Any CPU
	EndGlobalSection
	GlobalSection(ProjectConfigurationPlatforms) = postSolution
		{5415662F-484D-F5F8-9B3D-15DF75AEC26F}.Debug|Any CPU.ActiveCfg = Debug|Any CPU
		{5415662F-484D-F5F8-9B3D-15DF75AEC26F}.Debug|Any CPU.Build.0 = Debug|Any CPU
		{5415662F-484D-F5F8-9B3D-15DF75AEC26F}.Release|Any CPU.ActiveCfg = Release|Any CPU
		{5415662F-484D-F5F8-9B3D-15DF75AEC26F}.Release|Any CPU.Build.0 = Release|Any CPU
		{BFD492E7-79F7-0985-95A0-25C57A0E38AC}.Debug|Any CPU.ActiveCfg = Debug|Any CPU
		{BFD492E7-79F7-0985-95A0-25C57A0E38AC}.Debug|Any CPU.Build.0 = Debug|Any CPU
		{BFD492E7-79F7-0985-95A0-25C57A0E38AC}.Release|Any CPU.ActiveCfg = Release|Any CPU
		{BFD492E7-79F7-0985-95A0-25C57A0E38AC}.Release|Any CPU.Build.0 = Release|Any CPU
		{053896EC-48BC-3188-19D9-222E9FF95305}.Debug|Any CPU.ActiveCfg = Debug|Any CPU
		{053896EC-48BC-3188-19D9-222E9FF95305}.Debug|Any CPU.Build.0 = Debug|Any CPU
		{053896EC-48BC-3188-19D9-222E9FF95305}.Release|Any CPU.ActiveCfg = Release|Any CPU
		{053896EC-48BC-3188-19D9-222E9FF95305}.Release|Any CPU.Build.0 = Release|Any CPU
		{1CBCD590-A2A0-9A30-95EE-D208C4A2A4E0}.Debug|Any CPU.ActiveCfg = Debug|Any CPU
		{1CBCD590-A2A0-9A30-95EE-D208C4A2A4E0}.Debug|Any CPU.Build.0 = Debug|Any CPU
		{1CBCD590-A2A0-9A30-95EE-D208C4A2A4E0}.Release|Any CPU.ActiveCfg = Release|Any CPU
		{1CBCD590-A2A0-9A30-95EE-D208C4A2A4E0}.Release|Any CPU.Build.0 = Release|Any CPU
		{8B29F52E-D548-4234-AB4A-345640DE0A34}.Debug|Any CPU.ActiveCfg = Debug|Any CPU
		{8B29F52E-D548-4234-AB4A-345640DE0A34}.Debug|Any CPU.Build.0 = Debug|Any CPU
		{8B29F52E-D548-4234-AB4A-345640DE0A34}.Release|Any CPU.ActiveCfg = Release|Any CPU
		{8B29F52E-D548-4234-AB4A-345640DE0A34}.Release|Any CPU.Build.0 = Release|Any CPU
		{DBC13914-9FB9-6B66-C7C7-8B1E646DD76D}.Debug|Any CPU.ActiveCfg = Debug|Any CPU
		{DBC13914-9FB9-6B66-C7C7-8B1E646DD76D}.Debug|Any CPU.Build.0 = Debug|Any CPU
		{DBC13914-9FB9-6B66-C7C7-8B1E646DD76D}.Release|Any CPU.ActiveCfg = Release|Any CPU
		{DBC13914-9FB9-6B66-C7C7-8B1E646DD76D}.Release|Any CPU.Build.0 = Release|Any CPU
		{5FD1EF5F-A9CD-E715-7BF3-440AD279F8FB}.Debug|Any CPU.ActiveCfg = Debug|Any CPU
		{5FD1EF5F-A9CD-E715-7BF3-440AD279F8FB}.Debug|Any CPU.Build.0 = Debug|Any CPU
		{5FD1EF5F-A9CD-E715-7BF3-440AD279F8FB}.Release|Any CPU.ActiveCfg = Release|Any CPU
		{5FD1EF5F-A9CD-E715-7BF3-440AD279F8FB}.Release|Any CPU.Build.0 = Release|Any CPU
		{756A898D-53B0-D04E-D194-A31707491444}.Debug|Any CPU.ActiveCfg = Debug|Any CPU
		{756A898D-53B0-D04E-D194-A31707491444}.Debug|Any CPU.Build.0 = Debug|Any CPU
		{756A898D-53B0-D04E-D194-A31707491444}.Release|Any CPU.ActiveCfg = Release|Any CPU
		{756A898D-53B0-D04E-D194-A31707491444}.Release|Any CPU.Build.0 = Release|Any CPU
		{4E541F12-0FF9-E9A5-BD9B-C584FAC28E91}.Debug|Any CPU.ActiveCfg = Debug|Any CPU
		{4E541F12-0FF9-E9A5-BD9B-C584FAC28E91}.Debug|Any CPU.Build.0 = Debug|Any CPU
		{4E541F12-0FF9-E9A5-BD9B-C584FAC28E91}.Release|Any CPU.ActiveCfg = Release|Any CPU
		{4E541F12-0FF9-E9A5-BD9B-C584FAC28E91}.Release|Any CPU.Build.0 = Release|Any CPU
		{98A1161F-CBDA-4515-0C05-612EDDB6A258}.Debug|Any CPU.ActiveCfg = Debug|Any CPU
		{98A1161F-CBDA-4515-0C05-612EDDB6A258}.Debug|Any CPU.Build.0 = Debug|Any CPU
		{98A1161F-CBDA-4515-0C05-612EDDB6A258}.Release|Any CPU.ActiveCfg = Release|Any CPU
		{98A1161F-CBDA-4515-0C05-612EDDB6A258}.Release|Any CPU.Build.0 = Release|Any CPU
		{D8D6F7D9-A0E7-6070-3145-601226856311}.Debug|Any CPU.ActiveCfg = Debug|Any CPU
		{D8D6F7D9-A0E7-6070-3145-601226856311}.Debug|Any CPU.Build.0 = Debug|Any CPU
		{D8D6F7D9-A0E7-6070-3145-601226856311}.Release|Any CPU.ActiveCfg = Release|Any CPU
		{D8D6F7D9-A0E7-6070-3145-601226856311}.Release|Any CPU.Build.0 = Release|Any CPU
		{B8696A0C-778B-B9B4-BDC0-D826E9CBD09E}.Debug|Any CPU.ActiveCfg = Debug|Any CPU
		{B8696A0C-778B-B9B4-BDC0-D826E9CBD09E}.Debug|Any CPU.Build.0 = Debug|Any CPU
		{B8696A0C-778B-B9B4-BDC0-D826E9CBD09E}.Release|Any CPU.ActiveCfg = Release|Any CPU
		{B8696A0C-778B-B9B4-BDC0-D826E9CBD09E}.Release|Any CPU.Build.0 = Release|Any CPU
		{94D66955-DD61-1701-8816-D04C46461AA2}.Debug|Any CPU.ActiveCfg = Debug|Any CPU
		{94D66955-DD61-1701-8816-D04C46461AA2}.Debug|Any CPU.Build.0 = Debug|Any CPU
		{94D66955-DD61-1701-8816-D04C46461AA2}.Release|Any CPU.ActiveCfg = Release|Any CPU
		{94D66955-DD61-1701-8816-D04C46461AA2}.Release|Any CPU.Build.0 = Release|Any CPU
		{C4706B18-95FD-93BB-6DBF-DC3234F0FA68}.Debug|Any CPU.ActiveCfg = Debug|Any CPU
		{C4706B18-95FD-93BB-6DBF-DC3234F0FA68}.Debug|Any CPU.Build.0 = Debug|Any CPU
		{C4706B18-95FD-93BB-6DBF-DC3234F0FA68}.Release|Any CPU.ActiveCfg = Release|Any CPU
		{C4706B18-95FD-93BB-6DBF-DC3234F0FA68}.Release|Any CPU.Build.0 = Release|Any CPU
		{E46A9B7F-C37A-4FBA-627E-1EE9F0483227}.Debug|Any CPU.ActiveCfg = Debug|Any CPU
		{E46A9B7F-C37A-4FBA-627E-1EE9F0483227}.Debug|Any CPU.Build.0 = Debug|Any CPU
		{E46A9B7F-C37A-4FBA-627E-1EE9F0483227}.Release|Any CPU.ActiveCfg = Release|Any CPU
		{E46A9B7F-C37A-4FBA-627E-1EE9F0483227}.Release|Any CPU.Build.0 = Release|Any CPU
		{A745BCA9-1CD9-DE0C-F1C2-02A51D76816E}.Debug|Any CPU.ActiveCfg = Debug|Any CPU
		{A745BCA9-1CD9-DE0C-F1C2-02A51D76816E}.Debug|Any CPU.Build.0 = Debug|Any CPU
		{A745BCA9-1CD9-DE0C-F1C2-02A51D76816E}.Release|Any CPU.ActiveCfg = Release|Any CPU
		{A745BCA9-1CD9-DE0C-F1C2-02A51D76816E}.Release|Any CPU.Build.0 = Release|Any CPU
		{C52144C1-7FDF-287C-6C1D-F4DE061B0148}.Debug|Any CPU.ActiveCfg = Debug|Any CPU
		{C52144C1-7FDF-287C-6C1D-F4DE061B0148}.Debug|Any CPU.Build.0 = Debug|Any CPU
		{C52144C1-7FDF-287C-6C1D-F4DE061B0148}.Release|Any CPU.ActiveCfg = Release|Any CPU
		{C52144C1-7FDF-287C-6C1D-F4DE061B0148}.Release|Any CPU.Build.0 = Release|Any CPU
		{7E55B6A6-ABFB-2BBC-AA53-757962A96FAF}.Debug|Any CPU.ActiveCfg = Debug|Any CPU
		{7E55B6A6-ABFB-2BBC-AA53-757962A96FAF}.Debug|Any CPU.Build.0 = Debug|Any CPU
		{7E55B6A6-ABFB-2BBC-AA53-757962A96FAF}.Release|Any CPU.ActiveCfg = Release|Any CPU
		{7E55B6A6-ABFB-2BBC-AA53-757962A96FAF}.Release|Any CPU.Build.0 = Release|Any CPU
		{0DAE2A88-0FD8-B60D-FE09-B514B40967A2}.Debug|Any CPU.ActiveCfg = Debug|Any CPU
		{0DAE2A88-0FD8-B60D-FE09-B514B40967A2}.Debug|Any CPU.Build.0 = Debug|Any CPU
		{0DAE2A88-0FD8-B60D-FE09-B514B40967A2}.Release|Any CPU.ActiveCfg = Release|Any CPU
		{0DAE2A88-0FD8-B60D-FE09-B514B40967A2}.Release|Any CPU.Build.0 = Release|Any CPU
		{0098CD6C-DBF8-77FC-71CF-5AA6082DA0F1}.Debug|Any CPU.ActiveCfg = Debug|Any CPU
		{0098CD6C-DBF8-77FC-71CF-5AA6082DA0F1}.Debug|Any CPU.Build.0 = Debug|Any CPU
		{0098CD6C-DBF8-77FC-71CF-5AA6082DA0F1}.Release|Any CPU.ActiveCfg = Release|Any CPU
		{0098CD6C-DBF8-77FC-71CF-5AA6082DA0F1}.Release|Any CPU.Build.0 = Release|Any CPU
		{30110991-3885-7BB1-D923-8700F41A999F}.Debug|Any CPU.ActiveCfg = Debug|Any CPU
		{30110991-3885-7BB1-D923-8700F41A999F}.Debug|Any CPU.Build.0 = Debug|Any CPU
		{30110991-3885-7BB1-D923-8700F41A999F}.Release|Any CPU.ActiveCfg = Release|Any CPU
		{30110991-3885-7BB1-D923-8700F41A999F}.Release|Any CPU.Build.0 = Release|Any CPU
		{FC9735B2-4175-ED4C-52D6-DFF7E2E63282}.Debug|Any CPU.ActiveCfg = Debug|Any CPU
		{FC9735B2-4175-ED4C-52D6-DFF7E2E63282}.Debug|Any CPU.Build.0 = Debug|Any CPU
		{FC9735B2-4175-ED4C-52D6-DFF7E2E63282}.Release|Any CPU.ActiveCfg = Release|Any CPU
		{FC9735B2-4175-ED4C-52D6-DFF7E2E63282}.Release|Any CPU.Build.0 = Release|Any CPU
		{07E486D3-83D8-C70A-8384-F9509E0DDFAA}.Debug|Any CPU.ActiveCfg = Debug|Any CPU
		{07E486D3-83D8-C70A-8384-F9509E0DDFAA}.Debug|Any CPU.Build.0 = Debug|Any CPU
		{07E486D3-83D8-C70A-8384-F9509E0DDFAA}.Release|Any CPU.ActiveCfg = Release|Any CPU
		{07E486D3-83D8-C70A-8384-F9509E0DDFAA}.Release|Any CPU.Build.0 = Release|Any CPU
		{6AAF23AF-38D4-9E40-D3FE-36A67A80C204}.Debug|Any CPU.ActiveCfg = Debug|Any CPU
		{6AAF23AF-38D4-9E40-D3FE-36A67A80C204}.Debug|Any CPU.Build.0 = Debug|Any CPU
		{6AAF23AF-38D4-9E40-D3FE-36A67A80C204}.Release|Any CPU.ActiveCfg = Release|Any CPU
		{6AAF23AF-38D4-9E40-D3FE-36A67A80C204}.Release|Any CPU.Build.0 = Release|Any CPU
		{7E1C5D2A-1039-9237-811E-803E10F1795F}.Debug|Any CPU.ActiveCfg = Debug|Any CPU
		{7E1C5D2A-1039-9237-811E-803E10F1795F}.Debug|Any CPU.Build.0 = Debug|Any CPU
		{7E1C5D2A-1039-9237-811E-803E10F1795F}.Release|Any CPU.ActiveCfg = Release|Any CPU
		{7E1C5D2A-1039-9237-811E-803E10F1795F}.Release|Any CPU.Build.0 = Release|Any CPU
		{4EC63DB0-E12E-3332-87A2-86CB976C3695}.Debug|Any CPU.ActiveCfg = Debug|Any CPU
		{4EC63DB0-E12E-3332-87A2-86CB976C3695}.Debug|Any CPU.Build.0 = Debug|Any CPU
		{4EC63DB0-E12E-3332-87A2-86CB976C3695}.Release|Any CPU.ActiveCfg = Release|Any CPU
		{4EC63DB0-E12E-3332-87A2-86CB976C3695}.Release|Any CPU.Build.0 = Release|Any CPU
		{E5A2EEE5-AE26-3FFD-E2E0-A7E8618BCD2D}.Debug|Any CPU.ActiveCfg = Debug|Any CPU
		{E5A2EEE5-AE26-3FFD-E2E0-A7E8618BCD2D}.Debug|Any CPU.Build.0 = Debug|Any CPU
		{E5A2EEE5-AE26-3FFD-E2E0-A7E8618BCD2D}.Release|Any CPU.ActiveCfg = Release|Any CPU
		{E5A2EEE5-AE26-3FFD-E2E0-A7E8618BCD2D}.Release|Any CPU.Build.0 = Release|Any CPU
		{5542ADEB-05FA-7478-132A-A538321A204B}.Debug|Any CPU.ActiveCfg = Debug|Any CPU
		{5542ADEB-05FA-7478-132A-A538321A204B}.Debug|Any CPU.Build.0 = Debug|Any CPU
		{5542ADEB-05FA-7478-132A-A538321A204B}.Release|Any CPU.ActiveCfg = Release|Any CPU
		{5542ADEB-05FA-7478-132A-A538321A204B}.Release|Any CPU.Build.0 = Release|Any CPU
		{979557FF-A4C3-B529-319D-DFBE8825595E}.Debug|Any CPU.ActiveCfg = Debug|Any CPU
		{979557FF-A4C3-B529-319D-DFBE8825595E}.Debug|Any CPU.Build.0 = Debug|Any CPU
		{979557FF-A4C3-B529-319D-DFBE8825595E}.Release|Any CPU.ActiveCfg = Release|Any CPU
		{979557FF-A4C3-B529-319D-DFBE8825595E}.Release|Any CPU.Build.0 = Release|Any CPU
		{EF156042-D100-D882-5AAF-1C90A9BF48CE}.Debug|Any CPU.ActiveCfg = Debug|Any CPU
		{EF156042-D100-D882-5AAF-1C90A9BF48CE}.Debug|Any CPU.Build.0 = Debug|Any CPU
		{EF156042-D100-D882-5AAF-1C90A9BF48CE}.Release|Any CPU.ActiveCfg = Release|Any CPU
		{EF156042-D100-D882-5AAF-1C90A9BF48CE}.Release|Any CPU.Build.0 = Release|Any CPU
		{2EF6C168-E5D1-4BF1-468E-B52F2667FD9A}.Debug|Any CPU.ActiveCfg = Debug|Any CPU
		{2EF6C168-E5D1-4BF1-468E-B52F2667FD9A}.Debug|Any CPU.Build.0 = Debug|Any CPU
		{2EF6C168-E5D1-4BF1-468E-B52F2667FD9A}.Release|Any CPU.ActiveCfg = Release|Any CPU
		{2EF6C168-E5D1-4BF1-468E-B52F2667FD9A}.Release|Any CPU.Build.0 = Release|Any CPU
		{1D757767-083D-4185-AAE9-650373A3460B}.Debug|Any CPU.ActiveCfg = Debug|Any CPU
		{1D757767-083D-4185-AAE9-650373A3460B}.Debug|Any CPU.Build.0 = Debug|Any CPU
		{1D757767-083D-4185-AAE9-650373A3460B}.Release|Any CPU.ActiveCfg = Release|Any CPU
		{1D757767-083D-4185-AAE9-650373A3460B}.Release|Any CPU.Build.0 = Release|Any CPU
		{F9870734-7380-B31B-4F54-84E17FB6EC7F}.Debug|Any CPU.ActiveCfg = Debug|Any CPU
		{F9870734-7380-B31B-4F54-84E17FB6EC7F}.Debug|Any CPU.Build.0 = Debug|Any CPU
		{F9870734-7380-B31B-4F54-84E17FB6EC7F}.Release|Any CPU.ActiveCfg = Release|Any CPU
		{F9870734-7380-B31B-4F54-84E17FB6EC7F}.Release|Any CPU.Build.0 = Release|Any CPU
		{87DA9C06-44CE-5A2A-49A1-C8D0BE32D7D2}.Debug|Any CPU.ActiveCfg = Debug|Any CPU
		{87DA9C06-44CE-5A2A-49A1-C8D0BE32D7D2}.Debug|Any CPU.Build.0 = Debug|Any CPU
		{87DA9C06-44CE-5A2A-49A1-C8D0BE32D7D2}.Release|Any CPU.ActiveCfg = Release|Any CPU
		{87DA9C06-44CE-5A2A-49A1-C8D0BE32D7D2}.Release|Any CPU.Build.0 = Release|Any CPU
		{0C560FE1-E786-1B60-2368-37DA4B2A57FA}.Debug|Any CPU.ActiveCfg = Debug|Any CPU
		{0C560FE1-E786-1B60-2368-37DA4B2A57FA}.Debug|Any CPU.Build.0 = Debug|Any CPU
		{0C560FE1-E786-1B60-2368-37DA4B2A57FA}.Release|Any CPU.ActiveCfg = Release|Any CPU
		{0C560FE1-E786-1B60-2368-37DA4B2A57FA}.Release|Any CPU.Build.0 = Release|Any CPU
		{D3CE6CB0-10C8-A501-298F-36A0968F6913}.Debug|Any CPU.ActiveCfg = Debug|Any CPU
		{D3CE6CB0-10C8-A501-298F-36A0968F6913}.Debug|Any CPU.Build.0 = Debug|Any CPU
		{D3CE6CB0-10C8-A501-298F-36A0968F6913}.Release|Any CPU.ActiveCfg = Release|Any CPU
		{D3CE6CB0-10C8-A501-298F-36A0968F6913}.Release|Any CPU.Build.0 = Release|Any CPU
		{3981882D-F093-2A96-2D34-F1E4EC1CEA6F}.Debug|Any CPU.ActiveCfg = Debug|Any CPU
		{3981882D-F093-2A96-2D34-F1E4EC1CEA6F}.Debug|Any CPU.Build.0 = Debug|Any CPU
		{3981882D-F093-2A96-2D34-F1E4EC1CEA6F}.Release|Any CPU.ActiveCfg = Release|Any CPU
		{3981882D-F093-2A96-2D34-F1E4EC1CEA6F}.Release|Any CPU.Build.0 = Release|Any CPU
	EndGlobalSection
	GlobalSection(SolutionProperties) = preSolution
		HideSolutionNode = FALSE
	EndGlobalSection
EndGlobal
